
Microsoft Visual Studio Solution File, Format Version 12.00
# Visual Studio 2013
VisualStudioVersion = 12.0.21005.1
MinimumVisualStudioVersion = 10.0.40219.1
Project("{FAE04EC0-301F-11D3-BF4B-00C04F79EFBC}") = "Problem_01_OddOrEvenIntegers", "Problem_01_OddOrEvenIntegers\Problem_01_OddOrEvenIntegers.csproj", "{2CE8E2E2-9423-41AB-97C0-0778A70BDE19}"
EndProject
Project("{FAE04EC0-301F-11D3-BF4B-00C04F79EFBC}") = "Problem_03_DivideBy_7_and_5", "Problem_03_DivideBy_7_and_5\Problem_03_DivideBy_7_and_5.csproj", "{723D6F07-18FF-4288-8471-8DCB38D63207}"
EndProject
Project("{FAE04EC0-301F-11D3-BF4B-00C04F79EFBC}") = "Problem_02_GravitationOnTheMoon", "Problem_02_GravitationОnТheMoon\Problem_02_GravitationOnTheMoon.csproj", "{AA6BFC4E-B2BA-4701-8F4C-6A8C89CBD72A}"
EndProject
Project("{FAE04EC0-301F-11D3-BF4B-00C04F79EFBC}") = "Problem_04_Rectangles", "Problem_04_Rectangles\Problem_04_Rectangles.csproj", "{C4DC06FA-DA1D-4C97-927B-A777FFC93899}"
EndProject
Project("{FAE04EC0-301F-11D3-BF4B-00C04F79EFBC}") = "Problem_06_FourDigitNumber", "Problem_06_FourDigitNumber\Problem_06_FourDigitNumber.csproj", "{3EFF03B8-128D-4FCF-ABE1-3088B22515E5}"
EndProject
Project("{FAE04EC0-301F-11D3-BF4B-00C04F79EFBC}") = "Problem_07_PointInACircle", "Problem_07_PointInACircle\Problem_07_PointInACircle.csproj", "{A794E637-5825-4E5C-ABC6-6AB143F0B92A}"
EndProject
Project("{FAE04EC0-301F-11D3-BF4B-00C04F79EFBC}") = "Problem_08_PrimeNumberCheck", "Problem_08_PrimeNumberCheck\Problem_08_PrimeNumberCheck.csproj", "{18FD751A-1F7D-41C2-B275-15DE799335CF}"
EndProject
Project("{FAE04EC0-301F-11D3-BF4B-00C04F79EFBC}") = "Problem_09_Trapezoids", "Problem_09_Trapezoids\Problem_09_Trapezoids.csproj", "{BEB4ED57-B6CF-47CF-8C07-A9D861F34EE9}"
EndProject
Project("{FAE04EC0-301F-11D3-BF4B-00C04F79EFBC}") = "Problem_05_ThirdDigitIs_7", "Problem_05_ThirdDigitIs_7\Problem_05_ThirdDigitIs_7.csproj", "{21211C4B-613C-43F5-9995-A544B66BACE8}"
EndProject
Project("{FAE04EC0-301F-11D3-BF4B-00C04F79EFBC}") = "Problem_10_PointInsideACircleAndOutsideOfARect", "Problem_10_PointInsideACircleAndOutsideOfARect\Problem_10_PointInsideACircleAndOutsideOfARect.csproj", "{5BAB867A-7CE9-49FD-902F-D66856994B58}"
EndProject
Project("{FAE04EC0-301F-11D3-BF4B-00C04F79EFBC}") = "Problem_11_BitwiseExtractBit_3", "Problem_11_BitwiseExtractBit_3\Problem_11_BitwiseExtractBit_3.csproj", "{1213DF26-6C98-460A-B56B-B3C5FCFDFDB6}"
EndProject
Project("{FAE04EC0-301F-11D3-BF4B-00C04F79EFBC}") = "Problem_16_BitExchangeAdvanced", "Problem_16_BitExchangeAdvanced\Problem_16_BitExchangeAdvanced.csproj", "{CC1E49BD-CBAA-4901-889B-A10EABA320DB}"
EndProject
Project("{FAE04EC0-301F-11D3-BF4B-00C04F79EFBC}") = "Problem_12_ExtractBitFromInteger", "Problem_12_ExtractBitFromInteger\Problem_12_ExtractBitFromInteger.csproj", "{99D0310D-56E8-4CAD-A097-4558FF2148F4}"
EndProject
Project("{FAE04EC0-301F-11D3-BF4B-00C04F79EFBC}") = "Problem_13_CheckABitAtGivenPosition", "Problem_13_CheckABitAtGivenPosition\Problem_13_CheckABitAtGivenPosition.csproj", "{565D52C2-61A4-4564-8D87-0FECED6CFB81}"
EndProject
Project("{FAE04EC0-301F-11D3-BF4B-00C04F79EFBC}") = "Problem_15_BitsExchange", "Problem_15_BitsExchange\Problem_15_BitsExchange.csproj", "{7CAF156A-AE0F-4770-B7A1-35EDAB7FAD2E}"
EndProject
Project("{FAE04EC0-301F-11D3-BF4B-00C04F79EFBC}") = "Problem_14_ModifyABitAtGivenPosition", "Problem_14_ModifyABitAtGivenPosition\Problem_14_ModifyABitAtGivenPosition.csproj", "{58F06EB5-F4F6-4664-8D20-1F4E2989548B}"
EndProject
Project("{FAE04EC0-301F-11D3-BF4B-00C04F79EFBC}") = "Problem_17_BookProblem", "Problem_17_BookProblem\Problem_17_BookProblem.csproj", "{6C781217-477D-4901-AD07-5A481F4E1583}"
EndProject
Project("{FAE04EC0-301F-11D3-BF4B-00C04F79EFBC}") = "Problem_18_ChessboardGame", "Problem_18_ChessboardGame\Problem_18_ChessboardGame.csproj", "{232C3591-388E-4D4E-B330-20AC2D9A49D0}"
EndProject
Project("{FAE04EC0-301F-11D3-BF4B-00C04F79EFBC}") = "Problem_19_KingOfThieves", "Problem_19_KingOfThieves\Problem_19_KingOfThieves.csproj", "{D5ACCF9E-77AE-453D-A1A9-A41953660680}"
EndProject
Global
	GlobalSection(SolutionConfigurationPlatforms) = preSolution
		Debug|Any CPU = Debug|Any CPU
		Release|Any CPU = Release|Any CPU
	EndGlobalSection
	GlobalSection(ProjectConfigurationPlatforms) = postSolution
		{2CE8E2E2-9423-41AB-97C0-0778A70BDE19}.Debug|Any CPU.ActiveCfg = Debug|Any CPU
		{2CE8E2E2-9423-41AB-97C0-0778A70BDE19}.Debug|Any CPU.Build.0 = Debug|Any CPU
		{2CE8E2E2-9423-41AB-97C0-0778A70BDE19}.Release|Any CPU.ActiveCfg = Release|Any CPU
		{2CE8E2E2-9423-41AB-97C0-0778A70BDE19}.Release|Any CPU.Build.0 = Release|Any CPU
		{723D6F07-18FF-4288-8471-8DCB38D63207}.Debug|Any CPU.ActiveCfg = Debug|Any CPU
		{723D6F07-18FF-4288-8471-8DCB38D63207}.Debug|Any CPU.Build.0 = Debug|Any CPU
		{723D6F07-18FF-4288-8471-8DCB38D63207}.Release|Any CPU.ActiveCfg = Release|Any CPU
		{723D6F07-18FF-4288-8471-8DCB38D63207}.Release|Any CPU.Build.0 = Release|Any CPU
		{AA6BFC4E-B2BA-4701-8F4C-6A8C89CBD72A}.Debug|Any CPU.ActiveCfg = Debug|Any CPU
		{AA6BFC4E-B2BA-4701-8F4C-6A8C89CBD72A}.Debug|Any CPU.Build.0 = Debug|Any CPU
		{AA6BFC4E-B2BA-4701-8F4C-6A8C89CBD72A}.Release|Any CPU.ActiveCfg = Release|Any CPU
		{AA6BFC4E-B2BA-4701-8F4C-6A8C89CBD72A}.Release|Any CPU.Build.0 = Release|Any CPU
		{C4DC06FA-DA1D-4C97-927B-A777FFC93899}.Debug|Any CPU.ActiveCfg = Debug|Any CPU
		{C4DC06FA-DA1D-4C97-927B-A777FFC93899}.Debug|Any CPU.Build.0 = Debug|Any CPU
		{C4DC06FA-DA1D-4C97-927B-A777FFC93899}.Release|Any CPU.ActiveCfg = Release|Any CPU
		{C4DC06FA-DA1D-4C97-927B-A777FFC93899}.Release|Any CPU.Build.0 = Release|Any CPU
		{3EFF03B8-128D-4FCF-ABE1-3088B22515E5}.Debug|Any CPU.ActiveCfg = Debug|Any CPU
		{3EFF03B8-128D-4FCF-ABE1-3088B22515E5}.Debug|Any CPU.Build.0 = Debug|Any CPU
		{3EFF03B8-128D-4FCF-ABE1-3088B22515E5}.Release|Any CPU.ActiveCfg = Release|Any CPU
		{3EFF03B8-128D-4FCF-ABE1-3088B22515E5}.Release|Any CPU.Build.0 = Release|Any CPU
		{A794E637-5825-4E5C-ABC6-6AB143F0B92A}.Debug|Any CPU.ActiveCfg = Debug|Any CPU
		{A794E637-5825-4E5C-ABC6-6AB143F0B92A}.Debug|Any CPU.Build.0 = Debug|Any CPU
		{A794E637-5825-4E5C-ABC6-6AB143F0B92A}.Release|Any CPU.ActiveCfg = Release|Any CPU
		{A794E637-5825-4E5C-ABC6-6AB143F0B92A}.Release|Any CPU.Build.0 = Release|Any CPU
		{18FD751A-1F7D-41C2-B275-15DE799335CF}.Debug|Any CPU.ActiveCfg = Debug|Any CPU
		{18FD751A-1F7D-41C2-B275-15DE799335CF}.Debug|Any CPU.Build.0 = Debug|Any CPU
		{18FD751A-1F7D-41C2-B275-15DE799335CF}.Release|Any CPU.ActiveCfg = Release|Any CPU
		{18FD751A-1F7D-41C2-B275-15DE799335CF}.Release|Any CPU.Build.0 = Release|Any CPU
		{BEB4ED57-B6CF-47CF-8C07-A9D861F34EE9}.Debug|Any CPU.ActiveCfg = Debug|Any CPU
		{BEB4ED57-B6CF-47CF-8C07-A9D861F34EE9}.Debug|Any CPU.Build.0 = Debug|Any CPU
		{BEB4ED57-B6CF-47CF-8C07-A9D861F34EE9}.Release|Any CPU.ActiveCfg = Release|Any CPU
		{BEB4ED57-B6CF-47CF-8C07-A9D861F34EE9}.Release|Any CPU.Build.0 = Release|Any CPU
		{21211C4B-613C-43F5-9995-A544B66BACE8}.Debug|Any CPU.ActiveCfg = Debug|Any CPU
		{21211C4B-613C-43F5-9995-A544B66BACE8}.Debug|Any CPU.Build.0 = Debug|Any CPU
		{21211C4B-613C-43F5-9995-A544B66BACE8}.Release|Any CPU.ActiveCfg = Release|Any CPU
		{21211C4B-613C-43F5-9995-A544B66BACE8}.Release|Any CPU.Build.0 = Release|Any CPU
		{5BAB867A-7CE9-49FD-902F-D66856994B58}.Debug|Any CPU.ActiveCfg = Debug|Any CPU
		{5BAB867A-7CE9-49FD-902F-D66856994B58}.Debug|Any CPU.Build.0 = Debug|Any CPU
		{5BAB867A-7CE9-49FD-902F-D66856994B58}.Release|Any CPU.ActiveCfg = Release|Any CPU
		{5BAB867A-7CE9-49FD-902F-D66856994B58}.Release|Any CPU.Build.0 = Release|Any CPU
		{1213DF26-6C98-460A-B56B-B3C5FCFDFDB6}.Debug|Any CPU.ActiveCfg = Debug|Any CPU
		{1213DF26-6C98-460A-B56B-B3C5FCFDFDB6}.Debug|Any CPU.Build.0 = Debug|Any CPU
		{1213DF26-6C98-460A-B56B-B3C5FCFDFDB6}.Release|Any CPU.ActiveCfg = Release|Any CPU
		{1213DF26-6C98-460A-B56B-B3C5FCFDFDB6}.Release|Any CPU.Build.0 = Release|Any CPU
		{CC1E49BD-CBAA-4901-889B-A10EABA320DB}.Debug|Any CPU.ActiveCfg = Debug|Any CPU
		{CC1E49BD-CBAA-4901-889B-A10EABA320DB}.Debug|Any CPU.Build.0 = Debug|Any CPU
		{CC1E49BD-CBAA-4901-889B-A10EABA320DB}.Release|Any CPU.ActiveCfg = Release|Any CPU
		{CC1E49BD-CBAA-4901-889B-A10EABA320DB}.Release|Any CPU.Build.0 = Release|Any CPU
		{99D0310D-56E8-4CAD-A097-4558FF2148F4}.Debug|Any CPU.ActiveCfg = Debug|Any CPU
		{99D0310D-56E8-4CAD-A097-4558FF2148F4}.Debug|Any CPU.Build.0 = Debug|Any CPU
		{99D0310D-56E8-4CAD-A097-4558FF2148F4}.Release|Any CPU.ActiveCfg = Release|Any CPU
		{99D0310D-56E8-4CAD-A097-4558FF2148F4}.Release|Any CPU.Build.0 = Release|Any CPU
		{565D52C2-61A4-4564-8D87-0FECED6CFB81}.Debug|Any CPU.ActiveCfg = Debug|Any CPU
		{565D52C2-61A4-4564-8D87-0FECED6CFB81}.Debug|Any CPU.Build.0 = Debug|Any CPU
		{565D52C2-61A4-4564-8D87-0FECED6CFB81}.Release|Any CPU.ActiveCfg = Release|Any CPU
		{565D52C2-61A4-4564-8D87-0FECED6CFB81}.Release|Any CPU.Build.0 = Release|Any CPU
		{7CAF156A-AE0F-4770-B7A1-35EDAB7FAD2E}.Debug|Any CPU.ActiveCfg = Debug|Any CPU
		{7CAF156A-AE0F-4770-B7A1-35EDAB7FAD2E}.Debug|Any CPU.Build.0 = Debug|Any CPU
		{7CAF156A-AE0F-4770-B7A1-35EDAB7FAD2E}.Release|Any CPU.ActiveCfg = Release|Any CPU
		{7CAF156A-AE0F-4770-B7A1-35EDAB7FAD2E}.Release|Any CPU.Build.0 = Release|Any CPU
		{58F06EB5-F4F6-4664-8D20-1F4E2989548B}.Debug|Any CPU.ActiveCfg = Debug|Any CPU
		{58F06EB5-F4F6-4664-8D20-1F4E2989548B}.Debug|Any CPU.Build.0 = Debug|Any CPU
		{58F06EB5-F4F6-4664-8D20-1F4E2989548B}.Release|Any CPU.ActiveCfg = Release|Any CPU
		{58F06EB5-F4F6-4664-8D20-1F4E2989548B}.Release|Any CPU.Build.0 = Release|Any CPU
		{6C781217-477D-4901-AD07-5A481F4E1583}.Debug|Any CPU.ActiveCfg = Debug|Any CPU
		{6C781217-477D-4901-AD07-5A481F4E1583}.Debug|Any CPU.Build.0 = Debug|Any CPU
		{6C781217-477D-4901-AD07-5A481F4E1583}.Release|Any CPU.ActiveCfg = Release|Any CPU
		{6C781217-477D-4901-AD07-5A481F4E1583}.Release|Any CPU.Build.0 = Release|Any CPU
		{232C3591-388E-4D4E-B330-20AC2D9A49D0}.Debug|Any CPU.ActiveCfg = Debug|Any CPU
		{232C3591-388E-4D4E-B330-20AC2D9A49D0}.Debug|Any CPU.Build.0 = Debug|Any CPU
		{232C3591-388E-4D4E-B330-20AC2D9A49D0}.Release|Any CPU.ActiveCfg = Release|Any CPU
		{232C3591-388E-4D4E-B330-20AC2D9A49D0}.Release|Any CPU.Build.0 = Release|Any CPU
		{D5ACCF9E-77AE-453D-A1A9-A41953660680}.Debug|Any CPU.ActiveCfg = Debug|Any CPU
		{D5ACCF9E-77AE-453D-A1A9-A41953660680}.Debug|Any CPU.Build.0 = Debug|Any CPU
		{D5ACCF9E-77AE-453D-A1A9-A41953660680}.Release|Any CPU.ActiveCfg = Release|Any CPU
		{D5ACCF9E-77AE-453D-A1A9-A41953660680}.Release|Any CPU.Build.0 = Release|Any CPU
	EndGlobalSection
	GlobalSection(SolutionProperties) = preSolution
		HideSolutionNode = FALSE
	EndGlobalSection
EndGlobal
